{
  "originHash" : "220a97d7ad4a128ab7faa3de48c000c662f131f971d2f3810ccef7b7de64b6dd",
  "pins" : [
    {
      "identity" : "dlite-sdk-ios",
      "kind" : "remoteSourceControl",
      "location" : "https://github.com/CUBOX-Co-Ltd/dlite-sdk-ios",
      "state" : {
        "revision" : "58284dde23b65c66a4cf58a8d4894c900a4d87f1",
        "version" : "2.0.0-beta"
      }
    }
  ],
  "version" : 3
}
